{
  "name": "cordova-plugin-file",
  "lockfileVersion": 3,
  "requires": true,
  "packages": {
    "": {
      "dependencies": {
        "tabris": "~3.9.0"
      }
    },
    "node_modules/tabris": {
      "version": "3.9.0",
      "resolved": "https://registry.npmjs.org/tabris/-/tabris-3.9.0.tgz",
      "integrity": "sha512-JelP/nWZjppi6jRNK6inrlzKen139SVvMWHTtcOjLnYOQTyDncypmX0SbSMWS56QBUC/L4frmtd2Q5jj1Nkmmg=="
    }
  }
}
